
Microsoft Visual Studio Solution File, Format Version 12.00
# Visual Studio Version 16
VisualStudioVersion = 16.0.30717.126
MinimumVisualStudioVersion = 10.0.40219.1
Project("{FAE04EC0-301F-11D3-BF4B-00C04F79EFBC}") = "RestSharpDemo", "RestSharpDemo\RestSharpDemo.csproj", "{2C3F1DEA-62C9-4D9F-BBF7-98802E1B2409}"
EndProject
Project("{9A19103F-16F7-4668-BE54-9A1E7A4F7556}") = "MbDotNet.Tests", "MbDotNet.Tests\MbDotNet.Tests.csproj", "{07C75BD5-05E7-4480-8759-5EBD196B4E0E}"
EndProject
Project("{9A19103F-16F7-4668-BE54-9A1E7A4F7556}") = "MbDotNet", "MbDotNet\MbDotNet.csproj", "{2EFF055B-3E30-4BE7-AAD0-5EA682FE4D07}"
EndProject
Global
	GlobalSection(SolutionConfigurationPlatforms) = preSolution
		Debug|Any CPU = Debug|Any CPU
		Release|Any CPU = Release|Any CPU
	EndGlobalSection
	GlobalSection(ProjectConfigurationPlatforms) = postSolution
		{2C3F1DEA-62C9-4D9F-BBF7-98802E1B2409}.Debug|Any CPU.ActiveCfg = Debug|Any CPU
		{2C3F1DEA-62C9-4D9F-BBF7-98802E1B2409}.Debug|Any CPU.Build.0 = Debug|Any CPU
		{2C3F1DEA-62C9-4D9F-BBF7-98802E1B2409}.Release|Any CPU.ActiveCfg = Release|Any CPU
		{2C3F1DEA-62C9-4D9F-BBF7-98802E1B2409}.Release|Any CPU.Build.0 = Release|Any CPU
		{07C75BD5-05E7-4480-8759-5EBD196B4E0E}.Debug|Any CPU.ActiveCfg = Debug|Any CPU
		{07C75BD5-05E7-4480-8759-5EBD196B4E0E}.Debug|Any CPU.Build.0 = Debug|Any CPU
		{07C75BD5-05E7-4480-8759-5EBD196B4E0E}.Release|Any CPU.ActiveCfg = Release|Any CPU
		{07C75BD5-05E7-4480-8759-5EBD196B4E0E}.Release|Any CPU.Build.0 = Release|Any CPU
		{2EFF055B-3E30-4BE7-AAD0-5EA682FE4D07}.Debug|Any CPU.ActiveCfg = Debug|Any CPU
		{2EFF055B-3E30-4BE7-AAD0-5EA682FE4D07}.Debug|Any CPU.Build.0 = Debug|Any CPU
		{2EFF055B-3E30-4BE7-AAD0-5EA682FE4D07}.Release|Any CPU.ActiveCfg = Release|Any CPU
		{2EFF055B-3E30-4BE7-AAD0-5EA682FE4D07}.Release|Any CPU.Build.0 = Release|Any CPU
	EndGlobalSection
	GlobalSection(SolutionProperties) = preSolution
		HideSolutionNode = FALSE
	EndGlobalSection
	GlobalSection(ExtensibilityGlobals) = postSolution
		SolutionGuid = {A16E59B0-5A2C-458F-856B-6FAF23EE90D6}
	EndGlobalSection
EndGlobal
